
Microsoft Visual Studio Solution File, Format Version 12.00
# Visual Studio Version 16
VisualStudioVersion = 25.0.1705.4
MinimumVisualStudioVersion = 10.0.40219.1
Project("{FAE04EC0-301F-11D3-BF4B-00C04F79EFBC}") = "Bachelorarbeit_Tulach", "Bachelorarbeit_Tulach\Bachelorarbeit_Tulach.csproj", "{DA94B815-D944-4402-852F-CEE1B02431FE}"
EndProject
Project("{2150E333-8FDC-42A3-9474-1A3956D46DE8}") = "Solution Items", "Solution Items", "{924FEE67-E12C-4E32-BBFB-BB5122D1C669}"
EndProject
Global
	GlobalSection(SolutionConfigurationPlatforms) = preSolution
		Debug|Any CPU = Debug|Any CPU
		Release|Any CPU = Release|Any CPU
	EndGlobalSection
	GlobalSection(ProjectConfigurationPlatforms) = postSolution
		{DA94B815-D944-4402-852F-CEE1B02431FE}.Debug|Any CPU.ActiveCfg = Debug|Any CPU
		{DA94B815-D944-4402-852F-CEE1B02431FE}.Debug|Any CPU.Build.0 = Debug|Any CPU
		{DA94B815-D944-4402-852F-CEE1B02431FE}.Release|Any CPU.ActiveCfg = Release|Any CPU
		{DA94B815-D944-4402-852F-CEE1B02431FE}.Release|Any CPU.Build.0 = Release|Any CPU
	EndGlobalSection
	GlobalSection(SolutionProperties) = preSolution
		HideSolutionNode = FALSE
	EndGlobalSection
	GlobalSection(ExtensibilityGlobals) = postSolution
		SolutionGuid = {A9CA0C08-3CC3-49D8-A95F-313B96220F35}
	EndGlobalSection
EndGlobal
